// !$*UTF8*$!
{
	archiveVersion = 1;
	classes = {
	};
	objectVersion = 51;
	objects = {

/* Begin PBXBuildFile section */
		2C997E4DAA7BBB8EFE6BC14E /* Pods_GoCarTests.framework in Frameworks */ = {isa = PBXBuildFile; fileRef = 7C26A350C86A123C0522D889 /* Pods_GoCarTests.framework */; };
		38280439FAE359580E982786 /* Pods_GoCar_GoCarUITests.framework in Frameworks */ = {isa = PBXBuildFile; fileRef = 6025565330CE39B30D42954A /* Pods_GoCar_GoCarUITests.framework */; };
		406C4BBDDBA8D670E39BD41B /* Pods_GoCar.framework in Frameworks */ = {isa = PBXBuildFile; fileRef = 0C16936D261D8B6E8CF0A592 /* Pods_GoCar.framework */; };
		9642C97A260E1B5B0069DFA9 /* audi a3 cabriolet.jpg in Resources */ = {isa = PBXBuildFile; fileRef = 9642C976260E1B5A0069DFA9 /* audi a3 cabriolet.jpg */; };
		9642C97B260E1B5B0069DFA9 /* honda cr-v.png in Resources */ = {isa = PBXBuildFile; fileRef = 9642C977260E1B5A0069DFA9 /* honda cr-v.png */; };
		9642C97C260E1B5B0069DFA9 /* huyndai genesis.jpg in Resources */ = {isa = PBXBuildFile; fileRef = 9642C978260E1B5A0069DFA9 /* huyndai genesis.jpg */; };
		9642C98B260E2A520069DFA9 /* volvo v70.png in Resources */ = {isa = PBXBuildFile; fileRef = 9642C98A260E2A520069DFA9 /* volvo v70.png */; };
		96560CAA25F8EFDF00662DF0 /* ProfileController.swift in Sources */ = {isa = PBXBuildFile; fileRef = 96560CA925F8EFDF00662DF0 /* ProfileController.swift */; };
		96569C9F25FB8B6300DA094A /* DescriptionController.swift in Sources */ = {isa = PBXBuildFile; fileRef = 96569C9E25FB8B6300DA094A /* DescriptionController.swift */; };
		965F3C4725F512E400CE1100 /* start-img.png in Resources */ = {isa = PBXBuildFile; fileRef = 965F3C4625F512E400CE1100 /* start-img.png */; };
		965F3C4C25F6169E00CE1100 /* LoginController.swift in Sources */ = {isa = PBXBuildFile; fileRef = 965F3C4B25F6169E00CE1100 /* LoginController.swift */; };
		965F3C5125F616BF00CE1100 /* SignUpController.swift in Sources */ = {isa = PBXBuildFile; fileRef = 965F3C5025F616BF00CE1100 /* SignUpController.swift */; };
		965F3C5625F6279800CE1100 /* User.swift in Sources */ = {isa = PBXBuildFile; fileRef = 965F3C5525F6279800CE1100 /* User.swift */; };
		965F3C5B25F62D6D00CE1100 /* DBservice.swift in Sources */ = {isa = PBXBuildFile; fileRef = 965F3C5A25F62D6D00CE1100 /* DBservice.swift */; };
		965F3C6025F6339700CE1100 /* GoogleService-Info.plist in Resources */ = {isa = PBXBuildFile; fileRef = 965F3C5F25F6339700CE1100 /* GoogleService-Info.plist */; };
		965F3C9625F6631D00CE1100 /* Newsfeed.storyboard in Resources */ = {isa = PBXBuildFile; fileRef = 965F3C9525F6631D00CE1100 /* Newsfeed.storyboard */; };
		965F3C9B25F6649C00CE1100 /* DashboardController.swift in Sources */ = {isa = PBXBuildFile; fileRef = 965F3C9A25F6649C00CE1100 /* DashboardController.swift */; };
		965F3CB125F6736D00CE1100 /* CDservice.swift in Sources */ = {isa = PBXBuildFile; fileRef = 965F3CB025F6736D00CE1100 /* CDservice.swift */; };
		965F3CB625F6855700CE1100 /* EntryController.swift in Sources */ = {isa = PBXBuildFile; fileRef = 965F3CB525F6855700CE1100 /* EntryController.swift */; };
		966EE22E25FB86510020FFA3 /* toyota corolla.png in Resources */ = {isa = PBXBuildFile; fileRef = 966EE22A25FB86500020FFA3 /* toyota corolla.png */; };
		966EE22F25FB86510020FFA3 /* ford f150.png in Resources */ = {isa = PBXBuildFile; fileRef = 966EE22B25FB86500020FFA3 /* ford f150.png */; };
		966EE23025FB86510020FFA3 /* honda odyssey.jpg in Resources */ = {isa = PBXBuildFile; fileRef = 966EE22C25FB86500020FFA3 /* honda odyssey.jpg */; };
		966EE23125FB86510020FFA3 /* honda civic.jpg in Resources */ = {isa = PBXBuildFile; fileRef = 966EE22D25FB86510020FFA3 /* honda civic.jpg */; };
		966FFF2726039757007BB7C5 /* Car.swift in Sources */ = {isa = PBXBuildFile; fileRef = 966FFF2626039757007BB7C5 /* Car.swift */; };
		966FFF302604D6BC007BB7C5 /* CollectionViewCell.swift in Sources */ = {isa = PBXBuildFile; fileRef = 966FFF2F2604D6BC007BB7C5 /* CollectionViewCell.swift */; };
		96AEC752260A1D9C00E80AA1 /* HelpController.swift in Sources */ = {isa = PBXBuildFile; fileRef = 96AEC751260A1D9C00E80AA1 /* HelpController.swift */; };
		96AEC757260A1DDA00E80AA1 /* TripController.swift in Sources */ = {isa = PBXBuildFile; fileRef = 96AEC756260A1DDA00E80AA1 /* TripController.swift */; };
		96F2E2A625F2155C00044F56 /* AppDelegate.swift in Sources */ = {isa = PBXBuildFile; fileRef = 96F2E2A525F2155C00044F56 /* AppDelegate.swift */; };
		96F2E2AA25F2155C00044F56 /* ViewController.swift in Sources */ = {isa = PBXBuildFile; fileRef = 96F2E2A925F2155C00044F56 /* ViewController.swift */; };
		96F2E2AD25F2155C00044F56 /* Main.storyboard in Resources */ = {isa = PBXBuildFile; fileRef = 96F2E2AB25F2155C00044F56 /* Main.storyboard */; };
		96F2E2B025F2155C00044F56 /* GoCar.xcdatamodeld in Sources */ = {isa = PBXBuildFile; fileRef = 96F2E2AE25F2155C00044F56 /* GoCar.xcdatamodeld */; };
		96F2E2B225F2155F00044F56 /* Assets.xcassets in Resources */ = {isa = PBXBuildFile; fileRef = 96F2E2B125F2155F00044F56 /* Assets.xcassets */; };
		96F2E2B525F2155F00044F56 /* LaunchScreen.storyboard in Resources */ = {isa = PBXBuildFile; fileRef = 96F2E2B325F2155F00044F56 /* LaunchScreen.storyboard */; };
		96F2E2C025F2156000044F56 /* GoCarTests.swift in Sources */ = {isa = PBXBuildFile; fileRef = 96F2E2BF25F2156000044F56 /* GoCarTests.swift */; };
		96F2E2CB25F2156000044F56 /* GoCarUITests.swift in Sources */ = {isa = PBXBuildFile; fileRef = 96F2E2CA25F2156000044F56 /* GoCarUITests.swift */; };
		96F2E2F625F218F800044F56 /* app-logo.png in Resources */ = {isa = PBXBuildFile; fileRef = 96F2E2F525F218F800044F56 /* app-logo.png */; };
		96F2E2FC25F502AC00044F56 /* app-logo-2.png in Resources */ = {isa = PBXBuildFile; fileRef = 96F2E2FA25F502AB00044F56 /* app-logo-2.png */; };
		96F2E2FD25F502AC00044F56 /* app-logo-3.png in Resources */ = {isa = PBXBuildFile; fileRef = 96F2E2FB25F502AB00044F56 /* app-logo-3.png */; };
/* End PBXBuildFile section */

/* Begin PBXContainerItemProxy section */
		96F2E2BC25F2156000044F56 /* PBXContainerItemProxy */ = {
			isa = PBXContainerItemProxy;
			containerPortal = 96F2E29A25F2155C00044F56 /* Project object */;
			proxyType = 1;
			remoteGlobalIDString = 96F2E2A125F2155C00044F56;
			remoteInfo = GoCar;
		};
		96F2E2C725F2156000044F56 /* PBXContainerItemProxy */ = {
			isa = PBXContainerItemProxy;
			containerPortal = 96F2E29A25F2155C00044F56 /* Project object */;
			proxyType = 1;
			remoteGlobalIDString = 96F2E2A125F2155C00044F56;
			remoteInfo = GoCar;
		};
/* End PBXContainerItemProxy section */

/* Begin PBXFileReference section */
		0C16936D261D8B6E8CF0A592 /* Pods_GoCar.framework */ = {isa = PBXFileReference; explicitFileType = wrapper.framework; includeInIndex = 0; path = Pods_GoCar.framework; sourceTree = BUILT_PRODUCTS_DIR; };
		11F06C682457F3B7C337C2C5 /* Pods-GoCarTests.release.xcconfig */ = {isa = PBXFileReference; includeInIndex = 1; lastKnownFileType = text.xcconfig; name = "Pods-GoCarTests.release.xcconfig"; path = "Target Support Files/Pods-GoCarTests/Pods-GoCarTests.release.xcconfig"; sourceTree = "<group>"; };
		1FBDB7A226EFE25FC566FFA9 /* Pods-GoCarTests.debug.xcconfig */ = {isa = PBXFileReference; includeInIndex = 1; lastKnownFileType = text.xcconfig; name = "Pods-GoCarTests.debug.xcconfig"; path = "Target Support Files/Pods-GoCarTests/Pods-GoCarTests.debug.xcconfig"; sourceTree = "<group>"; };
		33CD70FDB27F31F3DADB4F47 /* Pods-GoCar-GoCarUITests.release.xcconfig */ = {isa = PBXFileReference; includeInIndex = 1; lastKnownFileType = text.xcconfig; name = "Pods-GoCar-GoCarUITests.release.xcconfig"; path = "Target Support Files/Pods-GoCar-GoCarUITests/Pods-GoCar-GoCarUITests.release.xcconfig"; sourceTree = "<group>"; };
		6025565330CE39B30D42954A /* Pods_GoCar_GoCarUITests.framework */ = {isa = PBXFileReference; explicitFileType = wrapper.framework; includeInIndex = 0; path = Pods_GoCar_GoCarUITests.framework; sourceTree = BUILT_PRODUCTS_DIR; };
		6C8AD7B4FF8C2F50ADC5F4CC /* Pods-GoCar.release.xcconfig */ = {isa = PBXFileReference; includeInIndex = 1; lastKnownFileType = text.xcconfig; name = "Pods-GoCar.release.xcconfig"; path = "Target Support Files/Pods-GoCar/Pods-GoCar.release.xcconfig"; sourceTree = "<group>"; };
		7C26A350C86A123C0522D889 /* Pods_GoCarTests.framework */ = {isa = PBXFileReference; explicitFileType = wrapper.framework; includeInIndex = 0; path = Pods_GoCarTests.framework; sourceTree = BUILT_PRODUCTS_DIR; };
		9642C976260E1B5A0069DFA9 /* audi a3 cabriolet.jpg */ = {isa = PBXFileReference; lastKnownFileType = image.jpeg; path = "audi a3 cabriolet.jpg"; sourceTree = "<group>"; };
		9642C977260E1B5A0069DFA9 /* honda cr-v.png */ = {isa = PBXFileReference; lastKnownFileType = image.png; path = "honda cr-v.png"; sourceTree = "<group>"; };
		9642C978260E1B5A0069DFA9 /* huyndai genesis.jpg */ = {isa = PBXFileReference; lastKnownFileType = image.jpeg; path = "huyndai genesis.jpg"; sourceTree = "<group>"; };
		9642C98A260E2A520069DFA9 /* volvo v70.png */ = {isa = PBXFileReference; lastKnownFileType = image.png; path = "volvo v70.png"; sourceTree = "<group>"; };
		96560CA925F8EFDF00662DF0 /* ProfileController.swift */ = {isa = PBXFileReference; lastKnownFileType = sourcecode.swift; path = ProfileController.swift; sourceTree = "<group>"; };
		96569C9E25FB8B6300DA094A /* DescriptionController.swift */ = {isa = PBXFileReference; lastKnownFileType = sourcecode.swift; path = DescriptionController.swift; sourceTree = "<group>"; };
		965F3C4625F512E400CE1100 /* start-img.png */ = {isa = PBXFileReference; lastKnownFileType = image.png; path = "start-img.png"; sourceTree = "<group>"; };
		965F3C4B25F6169E00CE1100 /* LoginController.swift */ = {isa = PBXFileReference; lastKnownFileType = sourcecode.swift; path = LoginController.swift; sourceTree = "<group>"; };
		965F3C5025F616BF00CE1100 /* SignUpController.swift */ = {isa = PBXFileReference; lastKnownFileType = sourcecode.swift; path = SignUpController.swift; sourceTree = "<group>"; };
		965F3C5525F6279800CE1100 /* User.swift */ = {isa = PBXFileReference; lastKnownFileType = sourcecode.swift; path = User.swift; sourceTree = "<group>"; };
		965F3C5A25F62D6D00CE1100 /* DBservice.swift */ = {isa = PBXFileReference; lastKnownFileType = sourcecode.swift; path = DBservice.swift; sourceTree = "<group>"; };
		965F3C5F25F6339700CE1100 /* GoogleService-Info.plist */ = {isa = PBXFileReference; fileEncoding = 4; lastKnownFileType = text.plist.xml; path = "GoogleService-Info.plist"; sourceTree = "<group>"; };
		965F3C9525F6631D00CE1100 /* Newsfeed.storyboard */ = {isa = PBXFileReference; lastKnownFileType = file.storyboard; path = Newsfeed.storyboard; sourceTree = "<group>"; };
		965F3C9A25F6649C00CE1100 /* DashboardController.swift */ = {isa = PBXFileReference; lastKnownFileType = sourcecode.swift; path = DashboardController.swift; sourceTree = "<group>"; };
		965F3CB025F6736D00CE1100 /* CDservice.swift */ = {isa = PBXFileReference; lastKnownFileType = sourcecode.swift; path = CDservice.swift; sourceTree = "<group>"; };
		965F3CB525F6855700CE1100 /* EntryController.swift */ = {isa = PBXFileReference; lastKnownFileType = sourcecode.swift; path = EntryController.swift; sourceTree = "<group>"; };
		966EE22A25FB86500020FFA3 /* toyota corolla.png */ = {isa = PBXFileReference; lastKnownFileType = image.png; path = "toyota corolla.png"; sourceTree = "<group>"; };
		966EE22B25FB86500020FFA3 /* ford f150.png */ = {isa = PBXFileReference; lastKnownFileType = image.png; path = "ford f150.png"; sourceTree = "<group>"; };
		966EE22C25FB86500020FFA3 /* honda odyssey.jpg */ = {isa = PBXFileReference; lastKnownFileType = image.jpeg; path = "honda odyssey.jpg"; sourceTree = "<group>"; };
		966EE22D25FB86510020FFA3 /* honda civic.jpg */ = {isa = PBXFileReference; lastKnownFileType = image.jpeg; path = "honda civic.jpg"; sourceTree = "<group>"; };
		966FFF2626039757007BB7C5 /* Car.swift */ = {isa = PBXFileReference; lastKnownFileType = sourcecode.swift; path = Car.swift; sourceTree = "<group>"; };
		966FFF2F2604D6BC007BB7C5 /* CollectionViewCell.swift */ = {isa = PBXFileReference; lastKnownFileType = sourcecode.swift; path = CollectionViewCell.swift; sourceTree = "<group>"; };
		96AEC751260A1D9C00E80AA1 /* HelpController.swift */ = {isa = PBXFileReference; lastKnownFileType = sourcecode.swift; path = HelpController.swift; sourceTree = "<group>"; };
		96AEC756260A1DDA00E80AA1 /* TripController.swift */ = {isa = PBXFileReference; lastKnownFileType = sourcecode.swift; path = TripController.swift; sourceTree = "<group>"; };
		96F2E2A225F2155C00044F56 /* GoCar.app */ = {isa = PBXFileReference; explicitFileType = wrapper.application; includeInIndex = 0; path = GoCar.app; sourceTree = BUILT_PRODUCTS_DIR; };
		96F2E2A525F2155C00044F56 /* AppDelegate.swift */ = {isa = PBXFileReference; lastKnownFileType = sourcecode.swift; path = AppDelegate.swift; sourceTree = "<group>"; };
		96F2E2A925F2155C00044F56 /* ViewController.swift */ = {isa = PBXFileReference; lastKnownFileType = sourcecode.swift; path = ViewController.swift; sourceTree = "<group>"; };
		96F2E2AC25F2155C00044F56 /* Base */ = {isa = PBXFileReference; lastKnownFileType = file.storyboard; name = Base; path = Base.lproj/Main.storyboard; sourceTree = "<group>"; };
		96F2E2AF25F2155C00044F56 /* GoCar.xcdatamodel */ = {isa = PBXFileReference; lastKnownFileType = wrapper.xcdatamodel; path = GoCar.xcdatamodel; sourceTree = "<group>"; };
		96F2E2B125F2155F00044F56 /* Assets.xcassets */ = {isa = PBXFileReference; lastKnownFileType = folder.assetcatalog; path = Assets.xcassets; sourceTree = "<group>"; };
		96F2E2B425F2155F00044F56 /* Base */ = {isa = PBXFileReference; lastKnownFileType = file.storyboard; name = Base; path = Base.lproj/LaunchScreen.storyboard; sourceTree = "<group>"; };
		96F2E2B625F2155F00044F56 /* Info.plist */ = {isa = PBXFileReference; lastKnownFileType = text.plist.xml; path = Info.plist; sourceTree = "<group>"; };
		96F2E2BB25F2156000044F56 /* GoCarTests.xctest */ = {isa = PBXFileReference; explicitFileType = wrapper.cfbundle; includeInIndex = 0; path = GoCarTests.xctest; sourceTree = BUILT_PRODUCTS_DIR; };
		96F2E2BF25F2156000044F56 /* GoCarTests.swift */ = {isa = PBXFileReference; lastKnownFileType = sourcecode.swift; path = GoCarTests.swift; sourceTree = "<group>"; };
		96F2E2C125F2156000044F56 /* Info.plist */ = {isa = PBXFileReference; lastKnownFileType = text.plist.xml; path = Info.plist; sourceTree = "<group>"; };
		96F2E2C625F2156000044F56 /* GoCarUITests.xctest */ = {isa = PBXFileReference; explicitFileType = wrapper.cfbundle; includeInIndex = 0; path = GoCarUITests.xctest; sourceTree = BUILT_PRODUCTS_DIR; };
		96F2E2CA25F2156000044F56 /* GoCarUITests.swift */ = {isa = PBXFileReference; lastKnownFileType = sourcecode.swift; path = GoCarUITests.swift; sourceTree = "<group>"; };
		96F2E2CC25F2156000044F56 /* Info.plist */ = {isa = PBXFileReference; lastKnownFileType = text.plist.xml; path = Info.plist; sourceTree = "<group>"; };
		96F2E2F525F218F800044F56 /* app-logo.png */ = {isa = PBXFileReference; lastKnownFileType = image.png; path = "app-logo.png"; sourceTree = "<group>"; };
		96F2E2FA25F502AB00044F56 /* app-logo-2.png */ = {isa = PBXFileReference; lastKnownFileType = image.png; path = "app-logo-2.png"; sourceTree = "<group>"; };
		96F2E2FB25F502AB00044F56 /* app-logo-3.png */ = {isa = PBXFileReference; lastKnownFileType = image.png; path = "app-logo-3.png"; sourceTree = "<group>"; };
		9E53004FB803EB36CA6D9284 /* Pods-GoCar-GoCarUITests.debug.xcconfig */ = {isa = PBXFileReference; includeInIndex = 1; lastKnownFileType = text.xcconfig; name = "Pods-GoCar-GoCarUITests.debug.xcconfig"; path = "Target Support Files/Pods-GoCar-GoCarUITests/Pods-GoCar-GoCarUITests.debug.xcconfig"; sourceTree = "<group>"; };
		BD8119E36128EA50CF0587A7 /* Pods-GoCar.debug.xcconfig */ = {isa = PBXFileReference; includeInIndex = 1; lastKnownFileType = text.xcconfig; name = "Pods-GoCar.debug.xcconfig"; path = "Target Support Files/Pods-GoCar/Pods-GoCar.debug.xcconfig"; sourceTree = "<group>"; };
/* End PBXFileReference section */

/* Begin PBXFrameworksBuildPhase section */
		96F2E29F25F2155C00044F56 /* Frameworks */ = {
			isa = PBXFrameworksBuildPhase;
			buildActionMask = 2147483647;
			files = (
				406C4BBDDBA8D670E39BD41B /* Pods_GoCar.framework in Frameworks */,
			);
			runOnlyForDeploymentPostprocessing = 0;
		};
		96F2E2B825F2156000044F56 /* Frameworks */ = {
			isa = PBXFrameworksBuildPhase;
			buildActionMask = 2147483647;
			files = (
				2C997E4DAA7BBB8EFE6BC14E /* Pods_GoCarTests.framework in Frameworks */,
			);
			runOnlyForDeploymentPostprocessing = 0;
		};
		96F2E2C325F2156000044F56 /* Frameworks */ = {
			isa = PBXFrameworksBuildPhase;
			buildActionMask = 2147483647;
			files = (
				38280439FAE359580E982786 /* Pods_GoCar_GoCarUITests.framework in Frameworks */,
			);
			runOnlyForDeploymentPostprocessing = 0;
		};
/* End PBXFrameworksBuildPhase section */

/* Begin PBXGroup section */
		19B55D1361FF05441A8EE3DB /* Frameworks */ = {
			isa = PBXGroup;
			children = (
				0C16936D261D8B6E8CF0A592 /* Pods_GoCar.framework */,
				6025565330CE39B30D42954A /* Pods_GoCar_GoCarUITests.framework */,
				7C26A350C86A123C0522D889 /* Pods_GoCarTests.framework */,
			);
			name = Frameworks;
			sourceTree = "<group>";
		};
		966FFF2E2604D68D007BB7C5 /* CustomCell */ = {
			isa = PBXGroup;
			children = (
				966FFF2F2604D6BC007BB7C5 /* CollectionViewCell.swift */,
			);
			path = CustomCell;
			sourceTree = "<group>";
		};
		96F2E29925F2155C00044F56 = {
			isa = PBXGroup;
			children = (
				96F2E2A425F2155C00044F56 /* GoCar */,
				96F2E2BE25F2156000044F56 /* GoCarTests */,
				96F2E2C925F2156000044F56 /* GoCarUITests */,
				96F2E2A325F2155C00044F56 /* Products */,
				AAB2F252CAA710C70BDB8C9A /* Pods */,
				19B55D1361FF05441A8EE3DB /* Frameworks */,
			);
			sourceTree = "<group>";
		};
		96F2E2A325F2155C00044F56 /* Products */ = {
			isa = PBXGroup;
			children = (
				96F2E2A225F2155C00044F56 /* GoCar.app */,
				96F2E2BB25F2156000044F56 /* GoCarTests.xctest */,
				96F2E2C625F2156000044F56 /* GoCarUITests.xctest */,
			);
			name = Products;
			sourceTree = "<group>";
		};
		96F2E2A425F2155C00044F56 /* GoCar */ = {
			isa = PBXGroup;
			children = (
				96F2E2F425F218EB00044F56 /* Lib */,
				96F2E2F225F217E700044F56 /* Model */,
				96F2E2F325F217EE00044F56 /* View */,
				96F2E2F125F217E000044F56 /* Control */,
				96F2E2F025F217D800044F56 /* Util */,
				96F2E2B125F2155F00044F56 /* Assets.xcassets */,
				96F2E2B625F2155F00044F56 /* Info.plist */,
				965F3C5F25F6339700CE1100 /* GoogleService-Info.plist */,
				96F2E2AE25F2155C00044F56 /* GoCar.xcdatamodeld */,
			);
			path = GoCar;
			sourceTree = "<group>";
		};
		96F2E2BE25F2156000044F56 /* GoCarTests */ = {
			isa = PBXGroup;
			children = (
				96F2E2BF25F2156000044F56 /* GoCarTests.swift */,
				96F2E2C125F2156000044F56 /* Info.plist */,
			);
			path = GoCarTests;
			sourceTree = "<group>";
		};
		96F2E2C925F2156000044F56 /* GoCarUITests */ = {
			isa = PBXGroup;
			children = (
				96F2E2CA25F2156000044F56 /* GoCarUITests.swift */,
				96F2E2CC25F2156000044F56 /* Info.plist */,
			);
			path = GoCarUITests;
			sourceTree = "<group>";
		};
		96F2E2F025F217D800044F56 /* Util */ = {
			isa = PBXGroup;
			children = (
				96F2E2A525F2155C00044F56 /* AppDelegate.swift */,
			);
			path = Util;
			sourceTree = "<group>";
		};
		96F2E2F125F217E000044F56 /* Control */ = {
			isa = PBXGroup;
			children = (
				96AEC756260A1DDA00E80AA1 /* TripController.swift */,
				96AEC751260A1D9C00E80AA1 /* HelpController.swift */,
				965F3C9A25F6649C00CE1100 /* DashboardController.swift */,
				96560CA925F8EFDF00662DF0 /* ProfileController.swift */,
				96569C9E25FB8B6300DA094A /* DescriptionController.swift */,
				96F2E2A925F2155C00044F56 /* ViewController.swift */,
				965F3C4B25F6169E00CE1100 /* LoginController.swift */,
				965F3CB525F6855700CE1100 /* EntryController.swift */,
				965F3C5025F616BF00CE1100 /* SignUpController.swift */,
				966FFF2E2604D68D007BB7C5 /* CustomCell */,
			);
			path = Control;
			sourceTree = "<group>";
		};
		96F2E2F225F217E700044F56 /* Model */ = {
			isa = PBXGroup;
			children = (
				965F3C5525F6279800CE1100 /* User.swift */,
				965F3C5A25F62D6D00CE1100 /* DBservice.swift */,
				965F3CB025F6736D00CE1100 /* CDservice.swift */,
				966FFF2626039757007BB7C5 /* Car.swift */,
			);
			path = Model;
			sourceTree = "<group>";
		};
		96F2E2F325F217EE00044F56 /* View */ = {
			isa = PBXGroup;
			children = (
				96F2E2AB25F2155C00044F56 /* Main.storyboard */,
				96F2E2B325F2155F00044F56 /* LaunchScreen.storyboard */,
				965F3C9525F6631D00CE1100 /* Newsfeed.storyboard */,
			);
			path = View;
			sourceTree = "<group>";
		};
		96F2E2F425F218EB00044F56 /* Lib */ = {
			isa = PBXGroup;
			children = (
				9642C976260E1B5A0069DFA9 /* audi a3 cabriolet.jpg */,
				9642C977260E1B5A0069DFA9 /* honda cr-v.png */,
				9642C978260E1B5A0069DFA9 /* huyndai genesis.jpg */,
				966EE22A25FB86500020FFA3 /* toyota corolla.png */,
				966EE22D25FB86510020FFA3 /* honda civic.jpg */,
				966EE22B25FB86500020FFA3 /* ford f150.png */,
				9642C98A260E2A520069DFA9 /* volvo v70.png */,
				966EE22C25FB86500020FFA3 /* honda odyssey.jpg */,
				965F3C4625F512E400CE1100 /* start-img.png */,
				96F2E2FA25F502AB00044F56 /* app-logo-2.png */,
				96F2E2FB25F502AB00044F56 /* app-logo-3.png */,
				96F2E2F525F218F800044F56 /* app-logo.png */,
			);
			path = Lib;
			sourceTree = "<group>";
		};
		AAB2F252CAA710C70BDB8C9A /* Pods */ = {
			isa = PBXGroup;
			children = (
				BD8119E36128EA50CF0587A7 /* Pods-GoCar.debug.xcconfig */,
				6C8AD7B4FF8C2F50ADC5F4CC /* Pods-GoCar.release.xcconfig */,
				9E53004FB803EB36CA6D9284 /* Pods-GoCar-GoCarUITests.debug.xcconfig */,
				33CD70FDB27F31F3DADB4F47 /* Pods-GoCar-GoCarUITests.release.xcconfig */,
				1FBDB7A226EFE25FC566FFA9 /* Pods-GoCarTests.debug.xcconfig */,
				11F06C682457F3B7C337C2C5 /* Pods-GoCarTests.release.xcconfig */,
			);
			path = Pods;
			sourceTree = "<group>";
		};
/* End PBXGroup section */

/* Begin PBXNativeTarget section */
		96F2E2A125F2155C00044F56 /* GoCar */ = {
			isa = PBXNativeTarget;
			buildConfigurationList = 96F2E2CF25F2156000044F56 /* Build configuration list for PBXNativeTarget "GoCar" */;
			buildPhases = (
				81FF960757D15DA03AEBBB88 /* [CP] Check Pods Manifest.lock */,
				96F2E29E25F2155C00044F56 /* Sources */,
				96F2E29F25F2155C00044F56 /* Frameworks */,
				96F2E2A025F2155C00044F56 /* Resources */,
				D27BAE9AB12C66F6E7821D0E /* [CP] Embed Pods Frameworks */,
			);
			buildRules = (
			);
			dependencies = (
			);
			name = GoCar;
			productName = GoCar;
			productReference = 96F2E2A225F2155C00044F56 /* GoCar.app */;
			productType = "com.apple.product-type.application";
		};
		96F2E2BA25F2156000044F56 /* GoCarTests */ = {
			isa = PBXNativeTarget;
			buildConfigurationList = 96F2E2D225F2156000044F56 /* Build configuration list for PBXNativeTarget "GoCarTests" */;
			buildPhases = (
				6B12627E6843C807D9012443 /* [CP] Check Pods Manifest.lock */,
				96F2E2B725F2156000044F56 /* Sources */,
				96F2E2B825F2156000044F56 /* Frameworks */,
				96F2E2B925F2156000044F56 /* Resources */,
			);
			buildRules = (
			);
			dependencies = (
				96F2E2BD25F2156000044F56 /* PBXTargetDependency */,
			);
			name = GoCarTests;
			productName = GoCarTests;
			productReference = 96F2E2BB25F2156000044F56 /* GoCarTests.xctest */;
			productType = "com.apple.product-type.bundle.unit-test";
		};
		96F2E2C525F2156000044F56 /* GoCarUITests */ = {
			isa = PBXNativeTarget;
			buildConfigurationList = 96F2E2D525F2156000044F56 /* Build configuration list for PBXNativeTarget "GoCarUITests" */;
			buildPhases = (
				F907C657752F21A6849E2F77 /* [CP] Check Pods Manifest.lock */,
				96F2E2C225F2156000044F56 /* Sources */,
				96F2E2C325F2156000044F56 /* Frameworks */,
				96F2E2C425F2156000044F56 /* Resources */,
				681D39BD09E648FDE909F47C /* [CP] Embed Pods Frameworks */,
			);
			buildRules = (
			);
			dependencies = (
				96F2E2C825F2156000044F56 /* PBXTargetDependency */,
			);
			name = GoCarUITests;
			productName = GoCarUITests;
			productReference = 96F2E2C625F2156000044F56 /* GoCarUITests.xctest */;
			productType = "com.apple.product-type.bundle.ui-testing";
		};
/* End PBXNativeTarget section */

/* Begin PBXProject section */
		96F2E29A25F2155C00044F56 /* Project object */ = {
			isa = PBXProject;
			attributes = {
				LastSwiftUpdateCheck = 1220;
				LastUpgradeCheck = 1220;
				TargetAttributes = {
					96F2E2A125F2155C00044F56 = {
						CreatedOnToolsVersion = 12.2;
					};
					96F2E2BA25F2156000044F56 = {
						CreatedOnToolsVersion = 12.2;
						TestTargetID = 96F2E2A125F2155C00044F56;
					};
					96F2E2C525F2156000044F56 = {
						CreatedOnToolsVersion = 12.2;
						TestTargetID = 96F2E2A125F2155C00044F56;
					};
				};
			};
			buildConfigurationList = 96F2E29D25F2155C00044F56 /* Build configuration list for PBXProject "GoCar" */;
			compatibilityVersion = "Xcode 9.3";
			developmentRegion = en;
			hasScannedForEncodings = 0;
			knownRegions = (
				en,
				Base,
			);
			mainGroup = 96F2E29925F2155C00044F56;
			productRefGroup = 96F2E2A325F2155C00044F56 /* Products */;
			projectDirPath = "";
			projectRoot = "";
			targets = (
				96F2E2A125F2155C00044F56 /* GoCar */,
				96F2E2BA25F2156000044F56 /* GoCarTests */,
				96F2E2C525F2156000044F56 /* GoCarUITests */,
			);
		};
/* End PBXProject section */

/* Begin PBXResourcesBuildPhase section */
		96F2E2A025F2155C00044F56 /* Resources */ = {
			isa = PBXResourcesBuildPhase;
			buildActionMask = 2147483647;
			files = (
				965F3C9625F6631D00CE1100 /* Newsfeed.storyboard in Resources */,
				9642C97C260E1B5B0069DFA9 /* huyndai genesis.jpg in Resources */,
				96F2E2FD25F502AC00044F56 /* app-logo-3.png in Resources */,
				9642C97B260E1B5B0069DFA9 /* honda cr-v.png in Resources */,
				965F3C6025F6339700CE1100 /* GoogleService-Info.plist in Resources */,
				966EE23125FB86510020FFA3 /* honda civic.jpg in Resources */,
				9642C97A260E1B5B0069DFA9 /* audi a3 cabriolet.jpg in Resources */,
				96F2E2FC25F502AC00044F56 /* app-logo-2.png in Resources */,
				96F2E2B525F2155F00044F56 /* LaunchScreen.storyboard in Resources */,
				966EE22E25FB86510020FFA3 /* toyota corolla.png in Resources */,
				966EE22F25FB86510020FFA3 /* ford f150.png in Resources */,
				9642C98B260E2A520069DFA9 /* volvo v70.png in Resources */,
				96F2E2B225F2155F00044F56 /* Assets.xcassets in Resources */,
				96F2E2F625F218F800044F56 /* app-logo.png in Resources */,
				96F2E2AD25F2155C00044F56 /* Main.storyboard in Resources */,
				966EE23025FB86510020FFA3 /* honda odyssey.jpg in Resources */,
				965F3C4725F512E400CE1100 /* start-img.png in Resources */,
			);
			runOnlyForDeploymentPostprocessing = 0;
		};
		96F2E2B925F2156000044F56 /* Resources */ = {
			isa = PBXResourcesBuildPhase;
			buildActionMask = 2147483647;
			files = (
			);
			runOnlyForDeploymentPostprocessing = 0;
		};
		96F2E2C425F2156000044F56 /* Resources */ = {
			isa = PBXResourcesBuildPhase;
			buildActionMask = 2147483647;
			files = (
			);
			runOnlyForDeploymentPostprocessing = 0;
		};
/* End PBXResourcesBuildPhase section */

/* Begin PBXShellScriptBuildPhase section */
		681D39BD09E648FDE909F47C /* [CP] Embed Pods Frameworks */ = {
			isa = PBXShellScriptBuildPhase;
			buildActionMask = 2147483647;
			files = (
			);
			inputFileListPaths = (
				"${PODS_ROOT}/Target Support Files/Pods-GoCar-GoCarUITests/Pods-GoCar-GoCarUITests-frameworks-${CONFIGURATION}-input-files.xcfilelist",
			);
			name = "[CP] Embed Pods Frameworks";
			outputFileListPaths = (
				"${PODS_ROOT}/Target Support Files/Pods-GoCar-GoCarUITests/Pods-GoCar-GoCarUITests-frameworks-${CONFIGURATION}-output-files.xcfilelist",
			);
			runOnlyForDeploymentPostprocessing = 0;
			shellPath = /bin/sh;
			shellScript = "\"${PODS_ROOT}/Target Support Files/Pods-GoCar-GoCarUITests/Pods-GoCar-GoCarUITests-frameworks.sh\"\n";
			showEnvVarsInLog = 0;
		};
		6B12627E6843C807D9012443 /* [CP] Check Pods Manifest.lock */ = {
			isa = PBXShellScriptBuildPhase;
			buildActionMask = 2147483647;
			files = (
			);
			inputFileListPaths = (
			);
			inputPaths = (
				"${PODS_PODFILE_DIR_PATH}/Podfile.lock",
				"${PODS_ROOT}/Manifest.lock",
			);
			name = "[CP] Check Pods Manifest.lock";
			outputFileListPaths = (
			);
			outputPaths = (
				"$(DERIVED_FILE_DIR)/Pods-GoCarTests-checkManifestLockResult.txt",
			);
			runOnlyForDeploymentPostprocessing = 0;
			shellPath = /bin/sh;
			shellScript = "diff \"${PODS_PODFILE_DIR_PATH}/Podfile.lock\" \"${PODS_ROOT}/Manifest.lock\" > /dev/null\nif [ $? != 0 ] ; then\n    # print error to STDERR\n    echo \"error: The sandbox is not in sync with the Podfile.lock. Run 'pod install' or update your CocoaPods installation.\" >&2\n    exit 1\nfi\n# This output is used by Xcode 'outputs' to avoid re-running this script phase.\necho \"SUCCESS\" > \"${SCRIPT_OUTPUT_FILE_0}\"\n";
			showEnvVarsInLog = 0;
		};
		81FF960757D15DA03AEBBB88 /* [CP] Check Pods Manifest.lock */ = {
			isa = PBXShellScriptBuildPhase;
			buildActionMask = 2147483647;
			files = (
			);
			inputFileListPaths = (
			);
			inputPaths = (
				"${PODS_PODFILE_DIR_PATH}/Podfile.lock",
				"${PODS_ROOT}/Manifest.lock",
			);
			name = "[CP] Check Pods Manifest.lock";
			outputFileListPaths = (
			);
			outputPaths = (
				"$(DERIVED_FILE_DIR)/Pods-GoCar-checkManifestLockResult.txt",
			);
			runOnlyForDeploymentPostprocessing = 0;
			shellPath = /bin/sh;
			shellScript = "diff \"${PODS_PODFILE_DIR_PATH}/Podfile.lock\" \"${PODS_ROOT}/Manifest.lock\" > /dev/null\nif [ $? != 0 ] ; then\n    # print error to STDERR\n    echo \"error: The sandbox is not in sync with the Podfile.lock. Run 'pod install' or update your CocoaPods installation.\" >&2\n    exit 1\nfi\n# This output is used by Xcode 'outputs' to avoid re-running this script phase.\necho \"SUCCESS\" > \"${SCRIPT_OUTPUT_FILE_0}\"\n";
			showEnvVarsInLog = 0;
		};
		D27BAE9AB12C66F6E7821D0E /* [CP] Embed Pods Frameworks */ = {
			isa = PBXShellScriptBuildPhase;
			buildActionMask = 2147483647;
			files = (
			);
			inputFileListPaths = (
				"${PODS_ROOT}/Target Support Files/Pods-GoCar/Pods-GoCar-frameworks-${CONFIGURATION}-input-files.xcfilelist",
			);
			name = "[CP] Embed Pods Frameworks";
			outputFileListPaths = (
				"${PODS_ROOT}/Target Support Files/Pods-GoCar/Pods-GoCar-frameworks-${CONFIGURATION}-output-files.xcfilelist",
			);
			runOnlyForDeploymentPostprocessing = 0;
			shellPath = /bin/sh;
			shellScript = "\"${PODS_ROOT}/Target Support Files/Pods-GoCar/Pods-GoCar-frameworks.sh\"\n";
			showEnvVarsInLog = 0;
		};
		F907C657752F21A6849E2F77 /* [CP] Check Pods Manifest.lock */ = {
			isa = PBXShellScriptBuildPhase;
			buildActionMask = 2147483647;
			files = (
			);
			inputFileListPaths = (
			);
			inputPaths = (
				"${PODS_PODFILE_DIR_PATH}/Podfile.lock",
				"${PODS_ROOT}/Manifest.lock",
			);
			name = "[CP] Check Pods Manifest.lock";
			outputFileListPaths = (
			);
			outputPaths = (
				"$(DERIVED_FILE_DIR)/Pods-GoCar-GoCarUITests-checkManifestLockResult.txt",
			);
			runOnlyForDeploymentPostprocessing = 0;
			shellPath = /bin/sh;
			shellScript = "diff \"${PODS_PODFILE_DIR_PATH}/Podfile.lock\" \"${PODS_ROOT}/Manifest.lock\" > /dev/null\nif [ $? != 0 ] ; then\n    # print error to STDERR\n    echo \"error: The sandbox is not in sync with the Podfile.lock. Run 'pod install' or update your CocoaPods installation.\" >&2\n    exit 1\nfi\n# This output is used by Xcode 'outputs' to avoid re-running this script phase.\necho \"SUCCESS\" > \"${SCRIPT_OUTPUT_FILE_0}\"\n";
			showEnvVarsInLog = 0;
		};
/* End PBXShellScriptBuildPhase section */

/* Begin PBXSourcesBuildPhase section */
		96F2E29E25F2155C00044F56 /* Sources */ = {
			isa = PBXSourcesBuildPhase;
			buildActionMask = 2147483647;
			files = (
				96F2E2AA25F2155C00044F56 /* ViewController.swift in Sources */,
				96AEC752260A1D9C00E80AA1 /* HelpController.swift in Sources */,
				96AEC757260A1DDA00E80AA1 /* TripController.swift in Sources */,
				965F3CB625F6855700CE1100 /* EntryController.swift in Sources */,
				965F3C5B25F62D6D00CE1100 /* DBservice.swift in Sources */,
				96569C9F25FB8B6300DA094A /* DescriptionController.swift in Sources */,
				966FFF2726039757007BB7C5 /* Car.swift in Sources */,
				96F2E2A625F2155C00044F56 /* AppDelegate.swift in Sources */,
				96F2E2B025F2155C00044F56 /* GoCar.xcdatamodeld in Sources */,
				965F3C9B25F6649C00CE1100 /* DashboardController.swift in Sources */,
				965F3C4C25F6169E00CE1100 /* LoginController.swift in Sources */,
				965F3C5125F616BF00CE1100 /* SignUpController.swift in Sources */,
				966FFF302604D6BC007BB7C5 /* CollectionViewCell.swift in Sources */,
				965F3CB125F6736D00CE1100 /* CDservice.swift in Sources */,
				965F3C5625F6279800CE1100 /* User.swift in Sources */,
				96560CAA25F8EFDF00662DF0 /* ProfileController.swift in Sources */,
			);
			runOnlyForDeploymentPostprocessing = 0;
		};
		96F2E2B725F2156000044F56 /* Sources */ = {
			isa = PBXSourcesBuildPhase;
			buildActionMask = 2147483647;
			files = (
				96F2E2C025F2156000044F56 /* GoCarTests.swift in Sources */,
			);
			runOnlyForDeploymentPostprocessing = 0;
		};
		96F2E2C225F2156000044F56 /* Sources */ = {
			isa = PBXSourcesBuildPhase;
			buildActionMask = 2147483647;
			files = (
				96F2E2CB25F2156000044F56 /* GoCarUITests.swift in Sources */,
			);
			runOnlyForDeploymentPostprocessing = 0;
		};
/* End PBXSourcesBuildPhase section */

/* Begin PBXTargetDependency section */
		96F2E2BD25F2156000044F56 /* PBXTargetDependency */ = {
			isa = PBXTargetDependency;
			target = 96F2E2A125F2155C00044F56 /* GoCar */;
			targetProxy = 96F2E2BC25F2156000044F56 /* PBXContainerItemProxy */;
		};
		96F2E2C825F2156000044F56 /* PBXTargetDependency */ = {
			isa = PBXTargetDependency;
			target = 96F2E2A125F2155C00044F56 /* GoCar */;
			targetProxy = 96F2E2C725F2156000044F56 /* PBXContainerItemProxy */;
		};
/* End PBXTargetDependency section */

/* Begin PBXVariantGroup section */
		96F2E2AB25F2155C00044F56 /* Main.storyboard */ = {
			isa = PBXVariantGroup;
			children = (
				96F2E2AC25F2155C00044F56 /* Base */,
			);
			name = Main.storyboard;
			sourceTree = "<group>";
		};
		96F2E2B325F2155F00044F56 /* LaunchScreen.storyboard */ = {
			isa = PBXVariantGroup;
			children = (
				96F2E2B425F2155F00044F56 /* Base */,
			);
			name = LaunchScreen.storyboard;
			sourceTree = "<group>";
		};
/* End PBXVariantGroup section */

/* Begin XCBuildConfiguration section */
		96F2E2CD25F2156000044F56 /* Debug */ = {
			isa = XCBuildConfiguration;
			buildSettings = {
				ALWAYS_SEARCH_USER_PATHS = NO;
				CLANG_ANALYZER_NONNULL = YES;
				CLANG_ANALYZER_NUMBER_OBJECT_CONVERSION = YES_AGGRESSIVE;
				CLANG_CXX_LANGUAGE_STANDARD = "gnu++14";
				CLANG_CXX_LIBRARY = "libc++";
				CLANG_ENABLE_MODULES = YES;
				CLANG_ENABLE_OBJC_ARC = YES;
				CLANG_ENABLE_OBJC_WEAK = YES;
				CLANG_WARN_BLOCK_CAPTURE_AUTORELEASING = YES;
				CLANG_WARN_BOOL_CONVERSION = YES;
				CLANG_WARN_COMMA = YES;
				CLANG_WARN_CONSTANT_CONVERSION = YES;
				CLANG_WARN_DEPRECATED_OBJC_IMPLEMENTATIONS = YES;
				CLANG_WARN_DIRECT_OBJC_ISA_USAGE = YES_ERROR;
				CLANG_WARN_DOCUMENTATION_COMMENTS = YES;
				CLANG_WARN_EMPTY_BODY = YES;
				CLANG_WARN_ENUM_CONVERSION = YES;
				CLANG_WARN_INFINITE_RECURSION = YES;
				CLANG_WARN_INT_CONVERSION = YES;
				CLANG_WARN_NON_LITERAL_NULL_CONVERSION = YES;
				CLANG_WARN_OBJC_IMPLICIT_RETAIN_SELF = YES;
				CLANG_WARN_OBJC_LITERAL_CONVERSION = YES;
				CLANG_WARN_OBJC_ROOT_CLASS = YES_ERROR;
				CLANG_WARN_QUOTED_INCLUDE_IN_FRAMEWORK_HEADER = YES;
				CLANG_WARN_RANGE_LOOP_ANALYSIS = YES;
				CLANG_WARN_STRICT_PROTOTYPES = YES;
				CLANG_WARN_SUSPICIOUS_MOVE = YES;
				CLANG_WARN_UNGUARDED_AVAILABILITY = YES_AGGRESSIVE;
				CLANG_WARN_UNREACHABLE_CODE = YES;
				CLANG_WARN__DUPLICATE_METHOD_MATCH = YES;
				COPY_PHASE_STRIP = NO;
				DEBUG_INFORMATION_FORMAT = dwarf;
				ENABLE_STRICT_OBJC_MSGSEND = YES;
				ENABLE_TESTABILITY = YES;
				GCC_C_LANGUAGE_STANDARD = gnu11;
				GCC_DYNAMIC_NO_PIC = NO;
				GCC_NO_COMMON_BLOCKS = YES;
				GCC_OPTIMIZATION_LEVEL = 0;
				GCC_PREPROCESSOR_DEFINITIONS = (
					"DEBUG=1",
					"$(inherited)",
				);
				GCC_WARN_64_TO_32_BIT_CONVERSION = YES;
				GCC_WARN_ABOUT_RETURN_TYPE = YES_ERROR;
				GCC_WARN_UNDECLARED_SELECTOR = YES;
				GCC_WARN_UNINITIALIZED_AUTOS = YES_AGGRESSIVE;
				GCC_WARN_UNUSED_FUNCTION = YES;
				GCC_WARN_UNUSED_VARIABLE = YES;
				IPHONEOS_DEPLOYMENT_TARGET = 12.0;
				MTL_ENABLE_DEBUG_INFO = INCLUDE_SOURCE;
				MTL_FAST_MATH = YES;
				ONLY_ACTIVE_ARCH = YES;
				SDKROOT = iphoneos;
				SWIFT_ACTIVE_COMPILATION_CONDITIONS = DEBUG;
				SWIFT_OPTIMIZATION_LEVEL = "-Onone";
			};
			name = Debug;
		};
		96F2E2CE25F2156000044F56 /* Release */ = {
			isa = XCBuildConfiguration;
			buildSettings = {
				ALWAYS_SEARCH_USER_PATHS = NO;
				CLANG_ANALYZER_NONNULL = YES;
				CLANG_ANALYZER_NUMBER_OBJECT_CONVERSION = YES_AGGRESSIVE;
				CLANG_CXX_LANGUAGE_STANDARD = "gnu++14";
				CLANG_CXX_LIBRARY = "libc++";
				CLANG_ENABLE_MODULES = YES;
				CLANG_ENABLE_OBJC_ARC = YES;
				CLANG_ENABLE_OBJC_WEAK = YES;
				CLANG_WARN_BLOCK_CAPTURE_AUTORELEASING = YES;
				CLANG_WARN_BOOL_CONVERSION = YES;
				CLANG_WARN_COMMA = YES;
				CLANG_WARN_CONSTANT_CONVERSION = YES;
				CLANG_WARN_DEPRECATED_OBJC_IMPLEMENTATIONS = YES;
				CLANG_WARN_DIRECT_OBJC_ISA_USAGE = YES_ERROR;
				CLANG_WARN_DOCUMENTATION_COMMENTS = YES;
				CLANG_WARN_EMPTY_BODY = YES;
				CLANG_WARN_ENUM_CONVERSION = YES;
				CLANG_WARN_INFINITE_RECURSION = YES;
				CLANG_WARN_INT_CONVERSION = YES;
				CLANG_WARN_NON_LITERAL_NULL_CONVERSION = YES;
				CLANG_WARN_OBJC_IMPLICIT_RETAIN_SELF = YES;
				CLANG_WARN_OBJC_LITERAL_CONVERSION = YES;
				CLANG_WARN_OBJC_ROOT_CLASS = YES_ERROR;
				CLANG_WARN_QUOTED_INCLUDE_IN_FRAMEWORK_HEADER = YES;
				CLANG_WARN_RANGE_LOOP_ANALYSIS = YES;
				CLANG_WARN_STRICT_PROTOTYPES = YES;
				CLANG_WARN_SUSPICIOUS_MOVE = YES;
				CLANG_WARN_UNGUARDED_AVAILABILITY = YES_AGGRESSIVE;
				CLANG_WARN_UNREACHABLE_CODE = YES;
				CLANG_WARN__DUPLICATE_METHOD_MATCH = YES;
				COPY_PHASE_STRIP = NO;
				DEBUG_INFORMATION_FORMAT = "dwarf-with-dsym";
				ENABLE_NS_ASSERTIONS = NO;
				ENABLE_STRICT_OBJC_MSGSEND = YES;
				GCC_C_LANGUAGE_STANDARD = gnu11;
				GCC_NO_COMMON_BLOCKS = YES;
				GCC_WARN_64_TO_32_BIT_CONVERSION = YES;
				GCC_WARN_ABOUT_RETURN_TYPE = YES_ERROR;
				GCC_WARN_UNDECLARED_SELECTOR = YES;
				GCC_WARN_UNINITIALIZED_AUTOS = YES_AGGRESSIVE;
				GCC_WARN_UNUSED_FUNCTION = YES;
				GCC_WARN_UNUSED_VARIABLE = YES;
				IPHONEOS_DEPLOYMENT_TARGET = 12.0;
				MTL_ENABLE_DEBUG_INFO = NO;
				MTL_FAST_MATH = YES;
				SDKROOT = iphoneos;
				SWIFT_COMPILATION_MODE = wholemodule;
				SWIFT_OPTIMIZATION_LEVEL = "-O";
				VALIDATE_PRODUCT = YES;
			};
			name = Release;
		};
		96F2E2D025F2156000044F56 /* Debug */ = {
			isa = XCBuildConfiguration;
			baseConfigurationReference = BD8119E36128EA50CF0587A7 /* Pods-GoCar.debug.xcconfig */;
			buildSettings = {
				ASSETCATALOG_COMPILER_APPICON_NAME = AppIcon;
				ASSETCATALOG_COMPILER_GLOBAL_ACCENT_COLOR_NAME = AccentColor;
				CODE_SIGN_STYLE = Automatic;
				DEVELOPMENT_TEAM = 84T7K6Z4JS;
				INFOPLIST_FILE = GoCar/Info.plist;
				LD_RUNPATH_SEARCH_PATHS = (
					"$(inherited)",
					"@executable_path/Frameworks",
				);
				PRODUCT_BUNDLE_IDENTIFIER = Swift.GoCar;
				PRODUCT_NAME = "$(TARGET_NAME)";
				SWIFT_VERSION = 5.0;
				TARGETED_DEVICE_FAMILY = "1,2";
			};
			name = Debug;
		};
		96F2E2D125F2156000044F56 /* Release */ = {
			isa = XCBuildConfiguration;
			baseConfigurationReference = 6C8AD7B4FF8C2F50ADC5F4CC /* Pods-GoCar.release.xcconfig */;
			buildSettings = {
				ASSETCATALOG_COMPILER_APPICON_NAME = AppIcon;
				ASSETCATALOG_COMPILER_GLOBAL_ACCENT_COLOR_NAME = AccentColor;
				CODE_SIGN_STYLE = Automatic;
				DEVELOPMENT_TEAM = 84T7K6Z4JS;
				INFOPLIST_FILE = GoCar/Info.plist;
				LD_RUNPATH_SEARCH_PATHS = (
					"$(inherited)",
					"@executable_path/Frameworks",
				);
				PRODUCT_BUNDLE_IDENTIFIER = Swift.GoCar;
				PRODUCT_NAME = "$(TARGET_NAME)";
				SWIFT_VERSION = 5.0;
				TARGETED_DEVICE_FAMILY = "1,2";
			};
			name = Release;
		};
		96F2E2D325F2156000044F56 /* Debug */ = {
			isa = XCBuildConfiguration;
			baseConfigurationReference = 1FBDB7A226EFE25FC566FFA9 /* Pods-GoCarTests.debug.xcconfig */;
			buildSettings = {
				ALWAYS_EMBED_SWIFT_STANDARD_LIBRARIES = YES;
				BUNDLE_LOADER = "$(TEST_HOST)";
				CODE_SIGN_STYLE = Automatic;
				DEVELOPMENT_TEAM = 84T7K6Z4JS;
				INFOPLIST_FILE = GoCarTests/Info.plist;
				IPHONEOS_DEPLOYMENT_TARGET = 14.2;
				LD_RUNPATH_SEARCH_PATHS = (
					"$(inherited)",
					"@executable_path/Frameworks",
					"@loader_path/Frameworks",
				);
				PRODUCT_BUNDLE_IDENTIFIER = Swift.GoCarTests;
				PRODUCT_NAME = "$(TARGET_NAME)";
				SWIFT_VERSION = 5.0;
				TARGETED_DEVICE_FAMILY = "1,2";
				TEST_HOST = "$(BUILT_PRODUCTS_DIR)/GoCar.app/GoCar";
			};
			name = Debug;
		};
		96F2E2D425F2156000044F56 /* Release */ = {
			isa = XCBuildConfiguration;
			baseConfigurationReference = 11F06C682457F3B7C337C2C5 /* Pods-GoCarTests.release.xcconfig */;
			buildSettings = {
				ALWAYS_EMBED_SWIFT_STANDARD_LIBRARIES = YES;
				BUNDLE_LOADER = "$(TEST_HOST)";
				CODE_SIGN_STYLE = Automatic;
				DEVELOPMENT_TEAM = 84T7K6Z4JS;
				INFOPLIST_FILE = GoCarTests/Info.plist;
				IPHONEOS_DEPLOYMENT_TARGET = 14.2;
				LD_RUNPATH_SEARCH_PATHS = (
					"$(inherited)",
					"@executable_path/Frameworks",
					"@loader_path/Frameworks",
				);
				PRODUCT_BUNDLE_IDENTIFIER = Swift.GoCarTests;
				PRODUCT_NAME = "$(TARGET_NAME)";
				SWIFT_VERSION = 5.0;
				TARGETED_DEVICE_FAMILY = "1,2";
				TEST_HOST = "$(BUILT_PRODUCTS_DIR)/GoCar.app/GoCar";
			};
			name = Release;
		};
		96F2E2D625F2156000044F56 /* Debug */ = {
			isa = XCBuildConfiguration;
			baseConfigurationReference = 9E53004FB803EB36CA6D9284 /* Pods-GoCar-GoCarUITests.debug.xcconfig */;
			buildSettings = {
				ALWAYS_EMBED_SWIFT_STANDARD_LIBRARIES = YES;
				CODE_SIGN_STYLE = Automatic;
				DEVELOPMENT_TEAM = 84T7K6Z4JS;
				INFOPLIST_FILE = GoCarUITests/Info.plist;
				LD_RUNPATH_SEARCH_PATHS = (
					"$(inherited)",
					"@executable_path/Frameworks",
					"@loader_path/Frameworks",
				);
				PRODUCT_BUNDLE_IDENTIFIER = Swift.GoCarUITests;
				PRODUCT_NAME = "$(TARGET_NAME)";
				SWIFT_VERSION = 5.0;
				TARGETED_DEVICE_FAMILY = "1,2";
				TEST_TARGET_NAME = GoCar;
			};
			name = Debug;
		};
		96F2E2D725F2156000044F56 /* Release */ = {
			isa = XCBuildConfiguration;
			baseConfigurationReference = 33CD70FDB27F31F3DADB4F47 /* Pods-GoCar-GoCarUITests.release.xcconfig */;
			buildSettings = {
				ALWAYS_EMBED_SWIFT_STANDARD_LIBRARIES = YES;
				CODE_SIGN_STYLE = Automatic;
				DEVELOPMENT_TEAM = 84T7K6Z4JS;
				INFOPLIST_FILE = GoCarUITests/Info.plist;
				LD_RUNPATH_SEARCH_PATHS = (
					"$(inherited)",
					"@executable_path/Frameworks",
					"@loader_path/Frameworks",
				);
				PRODUCT_BUNDLE_IDENTIFIER = Swift.GoCarUITests;
				PRODUCT_NAME = "$(TARGET_NAME)";
				SWIFT_VERSION = 5.0;
				TARGETED_DEVICE_FAMILY = "1,2";
				TEST_TARGET_NAME = GoCar;
			};
			name = Release;
		};
/* End XCBuildConfiguration section */

/* Begin XCConfigurationList section */
		96F2E29D25F2155C00044F56 /* Build configuration list for PBXProject "GoCar" */ = {
			isa = XCConfigurationList;
			buildConfigurations = (
				96F2E2CD25F2156000044F56 /* Debug */,
				96F2E2CE25F2156000044F56 /* Release */,
			);
			defaultConfigurationIsVisible = 0;
			defaultConfigurationName = Release;
		};
		96F2E2CF25F2156000044F56 /* Build configuration list for PBXNativeTarget "GoCar" */ = {
			isa = XCConfigurationList;
			buildConfigurations = (
				96F2E2D025F2156000044F56 /* Debug */,
				96F2E2D125F2156000044F56 /* Release */,
			);
			defaultConfigurationIsVisible = 0;
			defaultConfigurationName = Release;
		};
		96F2E2D225F2156000044F56 /* Build configuration list for PBXNativeTarget "GoCarTests" */ = {
			isa = XCConfigurationList;
			buildConfigurations = (
				96F2E2D325F2156000044F56 /* Debug */,
				96F2E2D425F2156000044F56 /* Release */,
			);
			defaultConfigurationIsVisible = 0;
			defaultConfigurationName = Release;
		};
		96F2E2D525F2156000044F56 /* Build configuration list for PBXNativeTarget "GoCarUITests" */ = {
			isa = XCConfigurationList;
			buildConfigurations = (
				96F2E2D625F2156000044F56 /* Debug */,
				96F2E2D725F2156000044F56 /* Release */,
			);
			defaultConfigurationIsVisible = 0;
			defaultConfigurationName = Release;
		};
/* End XCConfigurationList section */

/* Begin XCVersionGroup section */
		96F2E2AE25F2155C00044F56 /* GoCar.xcdatamodeld */ = {
			isa = XCVersionGroup;
			children = (
				96F2E2AF25F2155C00044F56 /* GoCar.xcdatamodel */,
			);
			currentVersion = 96F2E2AF25F2155C00044F56 /* GoCar.xcdatamodel */;
			path = GoCar.xcdatamodeld;
			sourceTree = "<group>";
			versionGroupType = wrapper.xcdatamodel;
		};
/* End XCVersionGroup section */
	};
	rootObject = 96F2E29A25F2155C00044F56 /* Project object */;
}
